// !$*UTF8*$!
{
	archiveVersion = 1;
	classes = {
	};
	objectVersion = 56;
	objects = {

/* Begin PBXBuildFile section */
		12698B1D2B8931D30087B9C0 /* ServiceEnum.swift in Sources */ = {isa = PBXBuildFile; fileRef = 12698B1C2B8931D30087B9C0 /* ServiceEnum.swift */; };
		12698B1F2B8932200087B9C0 /* ServiceStatusConstants.swift in Sources */ = {isa = PBXBuildFile; fileRef = 12698B1E2B8932200087B9C0 /* ServiceStatusConstants.swift */; };
		12698B212B8934C80087B9C0 /* ServiceStatus.swift in Sources */ = {isa = PBXBuildFile; fileRef = 12698B202B8934C80087B9C0 /* ServiceStatus.swift */; };
		12698B232B8934F80087B9C0 /* ServiceRepository.swift in Sources */ = {isa = PBXBuildFile; fileRef = 12698B222B8934F80087B9C0 /* ServiceRepository.swift */; };
		12698B252B8935430087B9C0 /* GringottsServiceRepository.swift in Sources */ = {isa = PBXBuildFile; fileRef = 12698B242B8935430087B9C0 /* GringottsServiceRepository.swift */; };
		12698B272B89365D0087B9C0 /* URLSessionManager.swift in Sources */ = {isa = PBXBuildFile; fileRef = 12698B262B89365D0087B9C0 /* URLSessionManager.swift */; };
		12698B292B89366C0087B9C0 /* NetworkSessionManager.swift in Sources */ = {isa = PBXBuildFile; fileRef = 12698B282B89366C0087B9C0 /* NetworkSessionManager.swift */; };
		12698B2B2B8938E90087B9C0 /* NetworkError.swift in Sources */ = {isa = PBXBuildFile; fileRef = 12698B2A2B8938E90087B9C0 /* NetworkError.swift */; };
		12698B2F2B8943FB0087B9C0 /* ServiceViewModel.swift in Sources */ = {isa = PBXBuildFile; fileRef = 12698B2E2B8943FB0087B9C0 /* ServiceViewModel.swift */; };
		12698B322B8944450087B9C0 /* ServiceViewModelProtocol.swift in Sources */ = {isa = PBXBuildFile; fileRef = 12698B312B8944450087B9C0 /* ServiceViewModelProtocol.swift */; };
		12698B352B8945B80087B9C0 /* ServiceStatusFactory.swift in Sources */ = {isa = PBXBuildFile; fileRef = 12698B342B8945B80087B9C0 /* ServiceStatusFactory.swift */; };
		83C117452B894E0E00F60807 /* ServiceStatusViewController.swift in Sources */ = {isa = PBXBuildFile; fileRef = 83C117442B894E0E00F60807 /* ServiceStatusViewController.swift */; };
		83F446F12B891A53008E0354 /* AppDelegate.swift in Sources */ = {isa = PBXBuildFile; fileRef = 83F446F02B891A53008E0354 /* AppDelegate.swift */; };
		83F446F32B891A53008E0354 /* SceneDelegate.swift in Sources */ = {isa = PBXBuildFile; fileRef = 83F446F22B891A53008E0354 /* SceneDelegate.swift */; };
		83F446F52B891A53008E0354 /* ViewController.swift in Sources */ = {isa = PBXBuildFile; fileRef = 83F446F42B891A53008E0354 /* ViewController.swift */; };
		83F446FA2B891A54008E0354 /* Assets.xcassets in Resources */ = {isa = PBXBuildFile; fileRef = 83F446F92B891A54008E0354 /* Assets.xcassets */; };
		83F446FD2B891A54008E0354 /* LaunchScreen.storyboard in Resources */ = {isa = PBXBuildFile; fileRef = 83F446FB2B891A54008E0354 /* LaunchScreen.storyboard */; };
		83F447062B89214C008E0354 /* ServicesListView.swift in Sources */ = {isa = PBXBuildFile; fileRef = 83F447052B89214C008E0354 /* ServicesListView.swift */; };
		83F4470A2B8927DC008E0354 /* ServiceViewCell.swift in Sources */ = {isa = PBXBuildFile; fileRef = 83F447092B8927DC008E0354 /* ServiceViewCell.swift */; };
		B1A95476604F2AA9BB4AED31 /* Pods_iOSGringottsServiceStatus.framework in Frameworks */ = {isa = PBXBuildFile; fileRef = 9AADBF678728D37DB6BE0EE0 /* Pods_iOSGringottsServiceStatus.framework */; };
/* End PBXBuildFile section */

/* Begin PBXFileReference section */
		12698B1C2B8931D30087B9C0 /* ServiceEnum.swift */ = {isa = PBXFileReference; lastKnownFileType = sourcecode.swift; path = ServiceEnum.swift; sourceTree = "<group>"; };
		12698B1E2B8932200087B9C0 /* ServiceStatusConstants.swift */ = {isa = PBXFileReference; lastKnownFileType = sourcecode.swift; path = ServiceStatusConstants.swift; sourceTree = "<group>"; };
		12698B202B8934C80087B9C0 /* ServiceStatus.swift */ = {isa = PBXFileReference; lastKnownFileType = sourcecode.swift; path = ServiceStatus.swift; sourceTree = "<group>"; };
		12698B222B8934F80087B9C0 /* ServiceRepository.swift */ = {isa = PBXFileReference; lastKnownFileType = sourcecode.swift; path = ServiceRepository.swift; sourceTree = "<group>"; };
		12698B242B8935430087B9C0 /* GringottsServiceRepository.swift */ = {isa = PBXFileReference; lastKnownFileType = sourcecode.swift; path = GringottsServiceRepository.swift; sourceTree = "<group>"; };
		12698B262B89365D0087B9C0 /* URLSessionManager.swift */ = {isa = PBXFileReference; lastKnownFileType = sourcecode.swift; path = URLSessionManager.swift; sourceTree = "<group>"; };
		12698B282B89366C0087B9C0 /* NetworkSessionManager.swift */ = {isa = PBXFileReference; lastKnownFileType = sourcecode.swift; path = NetworkSessionManager.swift; sourceTree = "<group>"; };
		12698B2A2B8938E90087B9C0 /* NetworkError.swift */ = {isa = PBXFileReference; lastKnownFileType = sourcecode.swift; path = NetworkError.swift; sourceTree = "<group>"; };
		12698B2E2B8943FB0087B9C0 /* ServiceViewModel.swift */ = {isa = PBXFileReference; lastKnownFileType = sourcecode.swift; path = ServiceViewModel.swift; sourceTree = "<group>"; };
		12698B312B8944450087B9C0 /* ServiceViewModelProtocol.swift */ = {isa = PBXFileReference; lastKnownFileType = sourcecode.swift; path = ServiceViewModelProtocol.swift; sourceTree = "<group>"; };
		12698B342B8945B80087B9C0 /* ServiceStatusFactory.swift */ = {isa = PBXFileReference; lastKnownFileType = sourcecode.swift; path = ServiceStatusFactory.swift; sourceTree = "<group>"; };
		204EA6431782640CE89F0E17 /* Pods-iOSGringottsServiceStatus.release.xcconfig */ = {isa = PBXFileReference; includeInIndex = 1; lastKnownFileType = text.xcconfig; name = "Pods-iOSGringottsServiceStatus.release.xcconfig"; path = "Target Support Files/Pods-iOSGringottsServiceStatus/Pods-iOSGringottsServiceStatus.release.xcconfig"; sourceTree = "<group>"; };
		6C1F0BBAB21640C60EE90159 /* Pods-iOSGringottsServiceStatus.debug.xcconfig */ = {isa = PBXFileReference; includeInIndex = 1; lastKnownFileType = text.xcconfig; name = "Pods-iOSGringottsServiceStatus.debug.xcconfig"; path = "Target Support Files/Pods-iOSGringottsServiceStatus/Pods-iOSGringottsServiceStatus.debug.xcconfig"; sourceTree = "<group>"; };
		83C117442B894E0E00F60807 /* ServiceStatusViewController.swift */ = {isa = PBXFileReference; lastKnownFileType = sourcecode.swift; path = ServiceStatusViewController.swift; sourceTree = "<group>"; };
		83F446ED2B891A53008E0354 /* iOSGringottsServiceStatus.app */ = {isa = PBXFileReference; explicitFileType = wrapper.application; includeInIndex = 0; path = iOSGringottsServiceStatus.app; sourceTree = BUILT_PRODUCTS_DIR; };
		83F446F02B891A53008E0354 /* AppDelegate.swift */ = {isa = PBXFileReference; lastKnownFileType = sourcecode.swift; path = AppDelegate.swift; sourceTree = "<group>"; };
		83F446F22B891A53008E0354 /* SceneDelegate.swift */ = {isa = PBXFileReference; lastKnownFileType = sourcecode.swift; path = SceneDelegate.swift; sourceTree = "<group>"; };
		83F446F42B891A53008E0354 /* ViewController.swift */ = {isa = PBXFileReference; lastKnownFileType = sourcecode.swift; path = ViewController.swift; sourceTree = "<group>"; };
		83F446F92B891A54008E0354 /* Assets.xcassets */ = {isa = PBXFileReference; lastKnownFileType = folder.assetcatalog; path = Assets.xcassets; sourceTree = "<group>"; };
		83F446FC2B891A54008E0354 /* Base */ = {isa = PBXFileReference; lastKnownFileType = file.storyboard; name = Base; path = Base.lproj/LaunchScreen.storyboard; sourceTree = "<group>"; };
		83F446FE2B891A54008E0354 /* Info.plist */ = {isa = PBXFileReference; lastKnownFileType = text.plist.xml; path = Info.plist; sourceTree = "<group>"; };
		83F447052B89214C008E0354 /* ServicesListView.swift */ = {isa = PBXFileReference; lastKnownFileType = sourcecode.swift; name = ServicesListView.swift; path = ../../../ServicesListView.swift; sourceTree = "<group>"; };
		83F447092B8927DC008E0354 /* ServiceViewCell.swift */ = {isa = PBXFileReference; lastKnownFileType = sourcecode.swift; path = ServiceViewCell.swift; sourceTree = "<group>"; };
		9AADBF678728D37DB6BE0EE0 /* Pods_iOSGringottsServiceStatus.framework */ = {isa = PBXFileReference; explicitFileType = wrapper.framework; includeInIndex = 0; path = Pods_iOSGringottsServiceStatus.framework; sourceTree = BUILT_PRODUCTS_DIR; };
/* End PBXFileReference section */

/* Begin PBXFrameworksBuildPhase section */
		83F446EA2B891A53008E0354 /* Frameworks */ = {
			isa = PBXFrameworksBuildPhase;
			buildActionMask = 2147483647;
			files = (
				B1A95476604F2AA9BB4AED31 /* Pods_iOSGringottsServiceStatus.framework in Frameworks */,
			);
			runOnlyForDeploymentPostprocessing = 0;
		};
/* End PBXFrameworksBuildPhase section */

/* Begin PBXGroup section */
		12698B1A2B89319F0087B9C0 /* Models */ = {
			isa = PBXGroup;
			children = (
				12698B332B8945940087B9C0 /* Factory */,
				12698B302B89442B0087B9C0 /* Domain */,
				12698B2C2B893FF30087B9C0 /* Resources */,
				12698B2D2B893FFE0087B9C0 /* Presentation */,
				12698B1B2B8931B60087B9C0 /* Repositories */,
			);
			path = Models;
			sourceTree = "<group>";
		};
		12698B1B2B8931B60087B9C0 /* Repositories */ = {
			isa = PBXGroup;
			children = (
				12698B1C2B8931D30087B9C0 /* ServiceEnum.swift */,
				12698B202B8934C80087B9C0 /* ServiceStatus.swift */,
				12698B222B8934F80087B9C0 /* ServiceRepository.swift */,
				12698B242B8935430087B9C0 /* GringottsServiceRepository.swift */,
				12698B282B89366C0087B9C0 /* NetworkSessionManager.swift */,
				12698B262B89365D0087B9C0 /* URLSessionManager.swift */,
				12698B2A2B8938E90087B9C0 /* NetworkError.swift */,
			);
			path = Repositories;
			sourceTree = "<group>";
		};
		12698B2C2B893FF30087B9C0 /* Resources */ = {
			isa = PBXGroup;
			children = (
				12698B1E2B8932200087B9C0 /* ServiceStatusConstants.swift */,
			);
			path = Resources;
			sourceTree = "<group>";
		};
		12698B2D2B893FFE0087B9C0 /* Presentation */ = {
			isa = PBXGroup;
			children = (
				12698B2E2B8943FB0087B9C0 /* ServiceViewModel.swift */,
			);
			path = Presentation;
			sourceTree = "<group>";
		};
		12698B302B89442B0087B9C0 /* Domain */ = {
			isa = PBXGroup;
			children = (
				12698B312B8944450087B9C0 /* ServiceViewModelProtocol.swift */,
			);
			path = Domain;
			sourceTree = "<group>";
		};
		12698B332B8945940087B9C0 /* Factory */ = {
			isa = PBXGroup;
			children = (
				12698B342B8945B80087B9C0 /* ServiceStatusFactory.swift */,
			);
			path = Factory;
			sourceTree = "<group>";
		};
		6ABEC4C8E6E4A73866550907 /* Pods */ = {
			isa = PBXGroup;
			children = (
				6C1F0BBAB21640C60EE90159 /* Pods-iOSGringottsServiceStatus.debug.xcconfig */,
				204EA6431782640CE89F0E17 /* Pods-iOSGringottsServiceStatus.release.xcconfig */,
			);
			path = Pods;
			sourceTree = "<group>";
		};
		79B4AD6F3A01F92A842CA174 /* Frameworks */ = {
			isa = PBXGroup;
			children = (
				9AADBF678728D37DB6BE0EE0 /* Pods_iOSGringottsServiceStatus.framework */,
			);
			name = Frameworks;
			sourceTree = "<group>";
		};
		83F446E42B891A53008E0354 = {
			isa = PBXGroup;
			children = (
				83F446EF2B891A53008E0354 /* iOSGringottsServiceStatus */,
				83F446EE2B891A53008E0354 /* Products */,
				6ABEC4C8E6E4A73866550907 /* Pods */,
				79B4AD6F3A01F92A842CA174 /* Frameworks */,
			);
			sourceTree = "<group>";
		};
		83F446EE2B891A53008E0354 /* Products */ = {
			isa = PBXGroup;
			children = (
				83F446ED2B891A53008E0354 /* iOSGringottsServiceStatus.app */,
			);
			name = Products;
			sourceTree = "<group>";
		};
		83F446EF2B891A53008E0354 /* iOSGringottsServiceStatus */ = {
			isa = PBXGroup;
			children = (
				12698B1A2B89319F0087B9C0 /* Models */,
				83F446F02B891A53008E0354 /* AppDelegate.swift */,
				83F446F22B891A53008E0354 /* SceneDelegate.swift */,
				83F446F42B891A53008E0354 /* ViewController.swift */,
				83F447042B891CCA008E0354 /* ServicesList */,
				83F446F92B891A54008E0354 /* Assets.xcassets */,
				83F446FB2B891A54008E0354 /* LaunchScreen.storyboard */,
				83F446FE2B891A54008E0354 /* Info.plist */,
			);
			path = iOSGringottsServiceStatus;
			sourceTree = "<group>";
		};
		83F447042B891CCA008E0354 /* ServicesList */ = {
			isa = PBXGroup;
			children = (
				83F447052B89214C008E0354 /* ServicesListView.swift */,
				83F447092B8927DC008E0354 /* ServiceViewCell.swift */,
				83C117442B894E0E00F60807 /* ServiceStatusViewController.swift */,
			);
			path = ServicesList;
			sourceTree = "<group>";
		};
/* End PBXGroup section */

/* Begin PBXNativeTarget section */
		83F446EC2B891A53008E0354 /* iOSGringottsServiceStatus */ = {
			isa = PBXNativeTarget;
			buildConfigurationList = 83F447012B891A54008E0354 /* Build configuration list for PBXNativeTarget "iOSGringottsServiceStatus" */;
			buildPhases = (
				82A88716597EA1B56022BBCC /* [CP] Check Pods Manifest.lock */,
				83F446E92B891A53008E0354 /* Sources */,
				83F446EA2B891A53008E0354 /* Frameworks */,
				83F446EB2B891A53008E0354 /* Resources */,
				FE33F1C4A4ECDDF63CBFDDD9 /* [CP] Embed Pods Frameworks */,
			);
			buildRules = (
			);
			dependencies = (
			);
			name = iOSGringottsServiceStatus;
			productName = iOSGringottsServiceStatus;
			productReference = 83F446ED2B891A53008E0354 /* iOSGringottsServiceStatus.app */;
			productType = "com.apple.product-type.application";
		};
/* End PBXNativeTarget section */

/* Begin PBXProject section */
		83F446E52B891A53008E0354 /* Project object */ = {
			isa = PBXProject;
			attributes = {
				BuildIndependentTargetsInParallel = 1;
				LastSwiftUpdateCheck = 1500;
				LastUpgradeCheck = 1500;
				TargetAttributes = {
					83F446EC2B891A53008E0354 = {
						CreatedOnToolsVersion = 15.0.1;
					};
				};
			};
			buildConfigurationList = 83F446E82B891A53008E0354 /* Build configuration list for PBXProject "iOSGringottsServiceStatus" */;
			compatibilityVersion = "Xcode 14.0";
			developmentRegion = en;
			hasScannedForEncodings = 0;
			knownRegions = (
				en,
				Base,
			);
			mainGroup = 83F446E42B891A53008E0354;
			productRefGroup = 83F446EE2B891A53008E0354 /* Products */;
			projectDirPath = "";
			projectRoot = "";
			targets = (
				83F446EC2B891A53008E0354 /* iOSGringottsServiceStatus */,
			);
		};
/* End PBXProject section */

/* Begin PBXResourcesBuildPhase section */
		83F446EB2B891A53008E0354 /* Resources */ = {
			isa = PBXResourcesBuildPhase;
			buildActionMask = 2147483647;
			files = (
				83F446FD2B891A54008E0354 /* LaunchScreen.storyboard in Resources */,
				83F446FA2B891A54008E0354 /* Assets.xcassets in Resources */,
			);
			runOnlyForDeploymentPostprocessing = 0;
		};
/* End PBXResourcesBuildPhase section */

/* Begin PBXShellScriptBuildPhase section */
		82A88716597EA1B56022BBCC /* [CP] Check Pods Manifest.lock */ = {
			isa = PBXShellScriptBuildPhase;
			buildActionMask = 2147483647;
			files = (
			);
			inputFileListPaths = (
			);
			inputPaths = (
				"${PODS_PODFILE_DIR_PATH}/Podfile.lock",
				"${PODS_ROOT}/Manifest.lock",
			);
			name = "[CP] Check Pods Manifest.lock";
			outputFileListPaths = (
			);
			outputPaths = (
				"$(DERIVED_FILE_DIR)/Pods-iOSGringottsServiceStatus-checkManifestLockResult.txt",
			);
			runOnlyForDeploymentPostprocessing = 0;
			shellPath = /bin/sh;
			shellScript = "diff \"${PODS_PODFILE_DIR_PATH}/Podfile.lock\" \"${PODS_ROOT}/Manifest.lock\" > /dev/null\nif [ $? != 0 ] ; then\n    # print error to STDERR\n    echo \"error: The sandbox is not in sync with the Podfile.lock. Run 'pod install' or update your CocoaPods installation.\" >&2\n    exit 1\nfi\n# This output is used by Xcode 'outputs' to avoid re-running this script phase.\necho \"SUCCESS\" > \"${SCRIPT_OUTPUT_FILE_0}\"\n";
			showEnvVarsInLog = 0;
		};
		FE33F1C4A4ECDDF63CBFDDD9 /* [CP] Embed Pods Frameworks */ = {
			isa = PBXShellScriptBuildPhase;
			buildActionMask = 2147483647;
			files = (
			);
			inputFileListPaths = (
				"${PODS_ROOT}/Target Support Files/Pods-iOSGringottsServiceStatus/Pods-iOSGringottsServiceStatus-frameworks-${CONFIGURATION}-input-files.xcfilelist",
			);
			name = "[CP] Embed Pods Frameworks";
			outputFileListPaths = (
				"${PODS_ROOT}/Target Support Files/Pods-iOSGringottsServiceStatus/Pods-iOSGringottsServiceStatus-frameworks-${CONFIGURATION}-output-files.xcfilelist",
			);
			runOnlyForDeploymentPostprocessing = 0;
			shellPath = /bin/sh;
			shellScript = "\"${PODS_ROOT}/Target Support Files/Pods-iOSGringottsServiceStatus/Pods-iOSGringottsServiceStatus-frameworks.sh\"\n";
			showEnvVarsInLog = 0;
		};
/* End PBXShellScriptBuildPhase section */

/* Begin PBXSourcesBuildPhase section */
		83F446E92B891A53008E0354 /* Sources */ = {
			isa = PBXSourcesBuildPhase;
			buildActionMask = 2147483647;
			files = (
				83F447062B89214C008E0354 /* ServicesListView.swift in Sources */,
				12698B272B89365D0087B9C0 /* URLSessionManager.swift in Sources */,
				12698B232B8934F80087B9C0 /* ServiceRepository.swift in Sources */,
				12698B1F2B8932200087B9C0 /* ServiceStatusConstants.swift in Sources */,
				12698B212B8934C80087B9C0 /* ServiceStatus.swift in Sources */,
				12698B322B8944450087B9C0 /* ServiceViewModelProtocol.swift in Sources */,
				83F446F52B891A53008E0354 /* ViewController.swift in Sources */,
				83F446F12B891A53008E0354 /* AppDelegate.swift in Sources */,
				12698B1D2B8931D30087B9C0 /* ServiceEnum.swift in Sources */,
				12698B292B89366C0087B9C0 /* NetworkSessionManager.swift in Sources */,
				12698B252B8935430087B9C0 /* GringottsServiceRepository.swift in Sources */,
				12698B2B2B8938E90087B9C0 /* NetworkError.swift in Sources */,
				12698B2F2B8943FB0087B9C0 /* ServiceViewModel.swift in Sources */,
				83C117452B894E0E00F60807 /* ServiceStatusViewController.swift in Sources */,
				12698B352B8945B80087B9C0 /* ServiceStatusFactory.swift in Sources */,
				83F446F32B891A53008E0354 /* SceneDelegate.swift in Sources */,
				83F4470A2B8927DC008E0354 /* ServiceViewCell.swift in Sources */,
			);
			runOnlyForDeploymentPostprocessing = 0;
		};
/* End PBXSourcesBuildPhase section */

/* Begin PBXVariantGroup section */
		83F446FB2B891A54008E0354 /* LaunchScreen.storyboard */ = {
			isa = PBXVariantGroup;
			children = (
				83F446FC2B891A54008E0354 /* Base */,
			);
			name = LaunchScreen.storyboard;
			sourceTree = "<group>";
		};
/* End PBXVariantGroup section */

/* Begin XCBuildConfiguration section */
		83F446FF2B891A54008E0354 /* Debug */ = {
			isa = XCBuildConfiguration;
			buildSettings = {
				ALWAYS_SEARCH_USER_PATHS = NO;
				ASSETCATALOG_COMPILER_GENERATE_SWIFT_ASSET_SYMBOL_EXTENSIONS = YES;
				CLANG_ANALYZER_NONNULL = YES;
				CLANG_ANALYZER_NUMBER_OBJECT_CONVERSION = YES_AGGRESSIVE;
				CLANG_CXX_LANGUAGE_STANDARD = "gnu++20";
				CLANG_ENABLE_MODULES = YES;
				CLANG_ENABLE_OBJC_ARC = YES;
				CLANG_ENABLE_OBJC_WEAK = YES;
				CLANG_WARN_BLOCK_CAPTURE_AUTORELEASING = YES;
				CLANG_WARN_BOOL_CONVERSION = YES;
				CLANG_WARN_COMMA = YES;
				CLANG_WARN_CONSTANT_CONVERSION = YES;
				CLANG_WARN_DEPRECATED_OBJC_IMPLEMENTATIONS = YES;
				CLANG_WARN_DIRECT_OBJC_ISA_USAGE = YES_ERROR;
				CLANG_WARN_DOCUMENTATION_COMMENTS = YES;
				CLANG_WARN_EMPTY_BODY = YES;
				CLANG_WARN_ENUM_CONVERSION = YES;
				CLANG_WARN_INFINITE_RECURSION = YES;
				CLANG_WARN_INT_CONVERSION = YES;
				CLANG_WARN_NON_LITERAL_NULL_CONVERSION = YES;
				CLANG_WARN_OBJC_IMPLICIT_RETAIN_SELF = YES;
				CLANG_WARN_OBJC_LITERAL_CONVERSION = YES;
				CLANG_WARN_OBJC_ROOT_CLASS = YES_ERROR;
				CLANG_WARN_QUOTED_INCLUDE_IN_FRAMEWORK_HEADER = YES;
				CLANG_WARN_RANGE_LOOP_ANALYSIS = YES;
				CLANG_WARN_STRICT_PROTOTYPES = YES;
				CLANG_WARN_SUSPICIOUS_MOVE = YES;
				CLANG_WARN_UNGUARDED_AVAILABILITY = YES_AGGRESSIVE;
				CLANG_WARN_UNREACHABLE_CODE = YES;
				CLANG_WARN__DUPLICATE_METHOD_MATCH = YES;
				COPY_PHASE_STRIP = NO;
				DEBUG_INFORMATION_FORMAT = dwarf;
				ENABLE_STRICT_OBJC_MSGSEND = YES;
				ENABLE_TESTABILITY = YES;
				ENABLE_USER_SCRIPT_SANDBOXING = YES;
				GCC_C_LANGUAGE_STANDARD = gnu17;
				GCC_DYNAMIC_NO_PIC = NO;
				GCC_NO_COMMON_BLOCKS = YES;
				GCC_OPTIMIZATION_LEVEL = 0;
				GCC_PREPROCESSOR_DEFINITIONS = (
					"DEBUG=1",
					"$(inherited)",
				);
				GCC_WARN_64_TO_32_BIT_CONVERSION = YES;
				GCC_WARN_ABOUT_RETURN_TYPE = YES_ERROR;
				GCC_WARN_UNDECLARED_SELECTOR = YES;
				GCC_WARN_UNINITIALIZED_AUTOS = YES_AGGRESSIVE;
				GCC_WARN_UNUSED_FUNCTION = YES;
				GCC_WARN_UNUSED_VARIABLE = YES;
				IPHONEOS_DEPLOYMENT_TARGET = 17.0;
				LOCALIZATION_PREFERS_STRING_CATALOGS = YES;
				MTL_ENABLE_DEBUG_INFO = INCLUDE_SOURCE;
				MTL_FAST_MATH = YES;
				ONLY_ACTIVE_ARCH = YES;
				SDKROOT = iphoneos;
				SWIFT_ACTIVE_COMPILATION_CONDITIONS = "DEBUG $(inherited)";
				SWIFT_OPTIMIZATION_LEVEL = "-Onone";
			};
			name = Debug;
		};
		83F447002B891A54008E0354 /* Release */ = {
			isa = XCBuildConfiguration;
			buildSettings = {
				ALWAYS_SEARCH_USER_PATHS = NO;
				ASSETCATALOG_COMPILER_GENERATE_SWIFT_ASSET_SYMBOL_EXTENSIONS = YES;
				CLANG_ANALYZER_NONNULL = YES;
				CLANG_ANALYZER_NUMBER_OBJECT_CONVERSION = YES_AGGRESSIVE;
				CLANG_CXX_LANGUAGE_STANDARD = "gnu++20";
				CLANG_ENABLE_MODULES = YES;
				CLANG_ENABLE_OBJC_ARC = YES;
				CLANG_ENABLE_OBJC_WEAK = YES;
				CLANG_WARN_BLOCK_CAPTURE_AUTORELEASING = YES;
				CLANG_WARN_BOOL_CONVERSION = YES;
				CLANG_WARN_COMMA = YES;
				CLANG_WARN_CONSTANT_CONVERSION = YES;
				CLANG_WARN_DEPRECATED_OBJC_IMPLEMENTATIONS = YES;
				CLANG_WARN_DIRECT_OBJC_ISA_USAGE = YES_ERROR;
				CLANG_WARN_DOCUMENTATION_COMMENTS = YES;
				CLANG_WARN_EMPTY_BODY = YES;
				CLANG_WARN_ENUM_CONVERSION = YES;
				CLANG_WARN_INFINITE_RECURSION = YES;
				CLANG_WARN_INT_CONVERSION = YES;
				CLANG_WARN_NON_LITERAL_NULL_CONVERSION = YES;
				CLANG_WARN_OBJC_IMPLICIT_RETAIN_SELF = YES;
				CLANG_WARN_OBJC_LITERAL_CONVERSION = YES;
				CLANG_WARN_OBJC_ROOT_CLASS = YES_ERROR;
				CLANG_WARN_QUOTED_INCLUDE_IN_FRAMEWORK_HEADER = YES;
				CLANG_WARN_RANGE_LOOP_ANALYSIS = YES;
				CLANG_WARN_STRICT_PROTOTYPES = YES;
				CLANG_WARN_SUSPICIOUS_MOVE = YES;
				CLANG_WARN_UNGUARDED_AVAILABILITY = YES_AGGRESSIVE;
				CLANG_WARN_UNREACHABLE_CODE = YES;
				CLANG_WARN__DUPLICATE_METHOD_MATCH = YES;
				COPY_PHASE_STRIP = NO;
				DEBUG_INFORMATION_FORMAT = "dwarf-with-dsym";
				ENABLE_NS_ASSERTIONS = NO;
				ENABLE_STRICT_OBJC_MSGSEND = YES;
				ENABLE_USER_SCRIPT_SANDBOXING = YES;
				GCC_C_LANGUAGE_STANDARD = gnu17;
				GCC_NO_COMMON_BLOCKS = YES;
				GCC_WARN_64_TO_32_BIT_CONVERSION = YES;
				GCC_WARN_ABOUT_RETURN_TYPE = YES_ERROR;
				GCC_WARN_UNDECLARED_SELECTOR = YES;
				GCC_WARN_UNINITIALIZED_AUTOS = YES_AGGRESSIVE;
				GCC_WARN_UNUSED_FUNCTION = YES;
				GCC_WARN_UNUSED_VARIABLE = YES;
				IPHONEOS_DEPLOYMENT_TARGET = 17.0;
				LOCALIZATION_PREFERS_STRING_CATALOGS = YES;
				MTL_ENABLE_DEBUG_INFO = NO;
				MTL_FAST_MATH = YES;
				SDKROOT = iphoneos;
				SWIFT_COMPILATION_MODE = wholemodule;
				VALIDATE_PRODUCT = YES;
			};
			name = Release;
		};
		83F447022B891A54008E0354 /* Debug */ = {
			isa = XCBuildConfiguration;
			baseConfigurationReference = 6C1F0BBAB21640C60EE90159 /* Pods-iOSGringottsServiceStatus.debug.xcconfig */;
			buildSettings = {
				ASSETCATALOG_COMPILER_APPICON_NAME = AppIcon;
				ASSETCATALOG_COMPILER_GLOBAL_ACCENT_COLOR_NAME = AccentColor;
				CODE_SIGN_STYLE = Automatic;
				CURRENT_PROJECT_VERSION = 1;
				ENABLE_USER_SCRIPT_SANDBOXING = NO;
				GENERATE_INFOPLIST_FILE = YES;
				INFOPLIST_FILE = iOSGringottsServiceStatus/Info.plist;
				INFOPLIST_KEY_UIApplicationSupportsIndirectInputEvents = YES;
				INFOPLIST_KEY_UILaunchStoryboardName = LaunchScreen;
				INFOPLIST_KEY_UIMainStoryboardFile = "";
				INFOPLIST_KEY_UISupportedInterfaceOrientations_iPad = "UIInterfaceOrientationPortrait UIInterfaceOrientationPortraitUpsideDown UIInterfaceOrientationLandscapeLeft UIInterfaceOrientationLandscapeRight";
				INFOPLIST_KEY_UISupportedInterfaceOrientations_iPhone = "UIInterfaceOrientationPortrait UIInterfaceOrientationLandscapeLeft UIInterfaceOrientationLandscapeRight";
				LD_RUNPATH_SEARCH_PATHS = (
					"$(inherited)",
					"@executable_path/Frameworks",
				);
				MARKETING_VERSION = 1.0;
				PRODUCT_BUNDLE_IDENTIFIER = com.dulce.iOSGringottsServiceStatus;
				PRODUCT_NAME = "$(TARGET_NAME)";
				SWIFT_EMIT_LOC_STRINGS = YES;
				SWIFT_VERSION = 5.0;
				TARGETED_DEVICE_FAMILY = "1,2";
			};
			name = Debug;
		};
		83F447032B891A54008E0354 /* Release */ = {
			isa = XCBuildConfiguration;
			baseConfigurationReference = 204EA6431782640CE89F0E17 /* Pods-iOSGringottsServiceStatus.release.xcconfig */;
			buildSettings = {
				ASSETCATALOG_COMPILER_APPICON_NAME = AppIcon;
				ASSETCATALOG_COMPILER_GLOBAL_ACCENT_COLOR_NAME = AccentColor;
				CODE_SIGN_STYLE = Automatic;
				CURRENT_PROJECT_VERSION = 1;
				ENABLE_USER_SCRIPT_SANDBOXING = NO;
				GENERATE_INFOPLIST_FILE = YES;
				INFOPLIST_FILE = iOSGringottsServiceStatus/Info.plist;
				INFOPLIST_KEY_UIApplicationSupportsIndirectInputEvents = YES;
				INFOPLIST_KEY_UILaunchStoryboardName = LaunchScreen;
				INFOPLIST_KEY_UIMainStoryboardFile = "";
				INFOPLIST_KEY_UISupportedInterfaceOrientations_iPad = "UIInterfaceOrientationPortrait UIInterfaceOrientationPortraitUpsideDown UIInterfaceOrientationLandscapeLeft UIInterfaceOrientationLandscapeRight";
				INFOPLIST_KEY_UISupportedInterfaceOrientations_iPhone = "UIInterfaceOrientationPortrait UIInterfaceOrientationLandscapeLeft UIInterfaceOrientationLandscapeRight";
				LD_RUNPATH_SEARCH_PATHS = (
					"$(inherited)",
					"@executable_path/Frameworks",
				);
				MARKETING_VERSION = 1.0;
				PRODUCT_BUNDLE_IDENTIFIER = com.dulce.iOSGringottsServiceStatus;
				PRODUCT_NAME = "$(TARGET_NAME)";
				SWIFT_EMIT_LOC_STRINGS = YES;
				SWIFT_VERSION = 5.0;
				TARGETED_DEVICE_FAMILY = "1,2";
			};
			name = Release;
		};
/* End XCBuildConfiguration section */

/* Begin XCConfigurationList section */
		83F446E82B891A53008E0354 /* Build configuration list for PBXProject "iOSGringottsServiceStatus" */ = {
			isa = XCConfigurationList;
			buildConfigurations = (
				83F446FF2B891A54008E0354 /* Debug */,
				83F447002B891A54008E0354 /* Release */,
			);
			defaultConfigurationIsVisible = 0;
			defaultConfigurationName = Release;
		};
		83F447012B891A54008E0354 /* Build configuration list for PBXNativeTarget "iOSGringottsServiceStatus" */ = {
			isa = XCConfigurationList;
			buildConfigurations = (
				83F447022B891A54008E0354 /* Debug */,
				83F447032B891A54008E0354 /* Release */,
			);
			defaultConfigurationIsVisible = 0;
			defaultConfigurationName = Release;
		};
/* End XCConfigurationList section */
	};
	rootObject = 83F446E52B891A53008E0354 /* Project object */;
}
